
Microsoft Visual Studio Solution File, Format Version 12.00
# Visual Studio 15
VisualStudioVersion = 15.0.27130.2027
MinimumVisualStudioVersion = 10.0.40219.1
Project("{FAE04EC0-301F-11D3-BF4B-00C04F79EFBC}") = "MyBudget", "MyBudget\MyBudget.csproj", "{7E42AF8E-C56D-40B4-BFC7-67066C2746B4}"
EndProject
Project("{FAE04EC0-301F-11D3-BF4B-00C04F79EFBC}") = "MyBudget.Data", "MyBudget.Data\MyBudget.Data.csproj", "{6AA15543-7BB9-4A81-8F2F-59A76BCDDFCD}"
EndProject
Global
	GlobalSection(SolutionConfigurationPlatforms) = preSolution
		Debug|Any CPU = Debug|Any CPU
		Release|Any CPU = Release|Any CPU
	EndGlobalSection
	GlobalSection(ProjectConfigurationPlatforms) = postSolution
		{7E42AF8E-C56D-40B4-BFC7-67066C2746B4}.Debug|Any CPU.ActiveCfg = Debug|Any CPU
		{7E42AF8E-C56D-40B4-BFC7-67066C2746B4}.Debug|Any CPU.Build.0 = Debug|Any CPU
		{7E42AF8E-C56D-40B4-BFC7-67066C2746B4}.Release|Any CPU.ActiveCfg = Release|Any CPU
		{7E42AF8E-C56D-40B4-BFC7-67066C2746B4}.Release|Any CPU.Build.0 = Release|Any CPU
		{6AA15543-7BB9-4A81-8F2F-59A76BCDDFCD}.Debug|Any CPU.ActiveCfg = Debug|Any CPU
		{6AA15543-7BB9-4A81-8F2F-59A76BCDDFCD}.Debug|Any CPU.Build.0 = Debug|Any CPU
		{6AA15543-7BB9-4A81-8F2F-59A76BCDDFCD}.Release|Any CPU.ActiveCfg = Release|Any CPU
		{6AA15543-7BB9-4A81-8F2F-59A76BCDDFCD}.Release|Any CPU.Build.0 = Release|Any CPU
	EndGlobalSection
	GlobalSection(SolutionProperties) = preSolution
		HideSolutionNode = FALSE
	EndGlobalSection
	GlobalSection(ExtensibilityGlobals) = postSolution
		SolutionGuid = {40A6409D-DC82-49FB-A574-E0615CEDA6B0}
	EndGlobalSection
EndGlobal
